<?xml version="1.0" encoding="utf-8"?>
<Project ToolsVersion="4.0" xmlns="http://schemas.microsoft.com/developer/msbuild/2003">
  <ItemGroup>
    <Filter Include="Source Files">
      <UniqueIdentifier>{4FC737F1-C7A5-4376-A066-2A32D752A2FF}</UniqueIdentifier>
      <Extensions>cpp;c;cc;cxx;def;odl;idl;hpj;bat;asm;asmx</Extensions>
    </Filter>
    <Filter Include="Header Files">
      <UniqueIdentifier>{93995380-89BD-4b04-88EB-625FBE52EBFB}</UniqueIdentifier>
      <Extensions>h;hh;hpp;hxx;hm;inl;inc;ipp;xsd</Extensions>
    </Filter>
    <Filter Include="Resource Files">
      <UniqueIdentifier>{67DA6AB6-F800-4c08-8B7A-83BB121AAD01}</UniqueIdentifier>
      <Extensions>rc;ico;cur;bmp;dlg;rc2;rct;bin;rgs;gif;jpg;jpeg;jpe;resx;tiff;tif;png;wav;mfcribbon-ms</Extensions>
    </Filter>
  </ItemGroup>
  <ItemGroup>
    <None Include="Assets\keys.cfg" />
    <None Include="Assets\textures.cfg" />
    <None Include="Assets\tiles.cfg" />
    <None Include="Assets\media\Entities\Player.entity" />
    <None Include="Assets\media\Entities\Skeleton.entity" />
    <None Include="Assets\media\Maps\map1 - Copy.map" />
    <None Include="Assets\media\Maps\map1.map" />
    <None Include="Assets\media\Spritesheets\Player.sheet" />
    <None Include="Assets\media\Spritesheets\Skeleton.sheet" />
  </ItemGroup>
  <ItemGroup>
    <Font Include="Assets\media\Fonts\arial.ttf" />
  </ItemGroup>
  <ItemGroup>
    <Image Include="Assets\media\Textures\intro.png">
      <Filter>Resource Files</Filter>
    </Image>
    <Image Include="Assets\media\Textures\PlayerSheet.png">
      <Filter>Resource Files</Filter>
    </Image>
    <Image Include="Assets\media\Textures\SkeletonSheet.png">
      <Filter>Resource Files</Filter>
    </Image>
    <Image Include="Assets\media\Textures\tilesheet.png">
      <Filter>Resource Files</Filter>
    </Image>
  </ItemGroup>
  <ItemGroup>
    <ClCompile Include="Anim_Base.cpp">
      <Filter>Source Files</Filter>
    </ClCompile>
    <ClCompile Include="Anim_Directional.cpp">
      <Filter>Source Files</Filter>
    </ClCompile>
    <ClCompile Include="Entity_Manager.cpp">
      <Filter>Source Files</Filter>
    </ClCompile>
    <ClCompile Include="EventManager.cpp">
      <Filter>Source Files</Filter>
    </ClCompile>
    <ClCompile Include="Game.cpp">
      <Filter>Source Files</Filter>
    </ClCompile>
    <ClCompile Include="Main.cpp">
      <Filter>Source Files</Filter>
    </ClCompile>
    <ClCompile Include="Map.cpp">
      <Filter>Source Files</Filter>
    </ClCompile>
    <ClCompile Include="S_Base.cpp">
      <Filter>Source Files</Filter>
    </ClCompile>
    <ClCompile Include="S_Renderer.cpp">
      <Filter>Source Files</Filter>
    </ClCompile>
    <ClCompile Include="SpriteSheet.cpp">
      <Filter>Source Files</Filter>
    </ClCompile>
    <ClCompile Include="State_Game.cpp">
      <Filter>Source Files</Filter>
    </ClCompile>
    <ClCompile Include="State_GameOver.cpp">
      <Filter>Source Files</Filter>
    </ClCompile>
    <ClCompile Include="State_Intro.cpp">
      <Filter>Source Files</Filter>
    </ClCompile>
    <ClCompile Include="State_MainMenu.cpp">
      <Filter>Source Files</Filter>
    </ClCompile>
    <ClCompile Include="State_Paused.cpp">
      <Filter>Source Files</Filter>
    </ClCompile>
    <ClCompile Include="StateManager.cpp">
      <Filter>Source Files</Filter>
    </ClCompile>
    <ClCompile Include="System_Manager.cpp">
      <Filter>Source Files</Filter>
    </ClCompile>
    <ClCompile Include="Window.cpp">
      <Filter>Source Files</Filter>
    </ClCompile>
  </ItemGroup>
  <ItemGroup>
    <ClInclude Include="Anim_Base.h">
      <Filter>Header Files</Filter>
    </ClInclude>
    <ClInclude Include="Anim_Directional.h">
      <Filter>Header Files</Filter>
    </ClInclude>
    <ClInclude Include="BaseState.h">
      <Filter>Header Files</Filter>
    </ClInclude>
    <ClInclude Include="Bitmask.h">
      <Filter>Header Files</Filter>
    </ClInclude>
    <ClInclude Include="C_Base.h">
      <Filter>Header Files</Filter>
    </ClInclude>
    <ClInclude Include="C_Drawable.h">
      <Filter>Header Files</Filter>
    </ClInclude>
    <ClInclude Include="C_Position.h">
      <Filter>Header Files</Filter>
    </ClInclude>
    <ClInclude Include="C_SpriteSheet.h">
      <Filter>Header Files</Filter>
    </ClInclude>
    <ClInclude Include="Communicator.h">
      <Filter>Header Files</Filter>
    </ClInclude>
    <ClInclude Include="DebugOverlay.h">
      <Filter>Header Files</Filter>
    </ClInclude>
    <ClInclude Include="Directions.h">
      <Filter>Header Files</Filter>
    </ClInclude>
    <ClInclude Include="ECS_Types.h">
      <Filter>Header Files</Filter>
    </ClInclude>
    <ClInclude Include="Entity_Manager.h">
      <Filter>Header Files</Filter>
    </ClInclude>
    <ClInclude Include="EntityEvents.h">
      <Filter>Header Files</Filter>
    </ClInclude>
    <ClInclude Include="EntityMessages.h">
      <Filter>Header Files</Filter>
    </ClInclude>
    <ClInclude Include="Event_Queue.h">
      <Filter>Header Files</Filter>
    </ClInclude>
    <ClInclude Include="EventManager.h">
      <Filter>Header Files</Filter>
    </ClInclude>
    <ClInclude Include="Game.h">
      <Filter>Header Files</Filter>
    </ClInclude>
    <ClInclude Include="Map.h">
      <Filter>Header Files</Filter>
    </ClInclude>
    <ClInclude Include="Message.h">
      <Filter>Header Files</Filter>
    </ClInclude>
    <ClInclude Include="MessageHandler.h">
      <Filter>Header Files</Filter>
    </ClInclude>
    <ClInclude Include="Observer.h">
      <Filter>Header Files</Filter>
    </ClInclude>
    <ClInclude Include="ResourceManager.h">
      <Filter>Header Files</Filter>
    </ClInclude>
    <ClInclude Include="S_Base.h">
      <Filter>Header Files</Filter>
    </ClInclude>
    <ClInclude Include="S_Renderer.h">
      <Filter>Header Files</Filter>
    </ClInclude>
    <ClInclude Include="SharedContext.h">
      <Filter>Header Files</Filter>
    </ClInclude>
    <ClInclude Include="SpriteSheet.h">
      <Filter>Header Files</Filter>
    </ClInclude>
    <ClInclude Include="State_Game.h">
      <Filter>Header Files</Filter>
    </ClInclude>
    <ClInclude Include="State_GameOver.h">
      <Filter>Header Files</Filter>
    </ClInclude>
    <ClInclude Include="State_Intro.h">
      <Filter>Header Files</Filter>
    </ClInclude>
    <ClInclude Include="State_MainMenu.h">
      <Filter>Header Files</Filter>
    </ClInclude>
    <ClInclude Include="State_Paused.h">
      <Filter>Header Files</Filter>
    </ClInclude>
    <ClInclude Include="StateManager.h">
      <Filter>Header Files</Filter>
    </ClInclude>
    <ClInclude Include="System_Manager.h">
      <Filter>Header Files</Filter>
    </ClInclude>
    <ClInclude Include="TextureManager.h">
      <Filter>Header Files</Filter>
    </ClInclude>
    <ClInclude Include="Utilities.h">
      <Filter>Header Files</Filter>
    </ClInclude>
    <ClInclude Include="Window.h">
      <Filter>Header Files</Filter>
    </ClInclude>
  </ItemGroup>
</Project>