
Microsoft Visual Studio Solution File, Format Version 12.00
# Visual Studio 15
VisualStudioVersion = 15.0.28010.2046
MinimumVisualStudioVersion = 10.0.40219.1
Project("{2150E333-8FDC-42A3-9474-1A3956D46DE8}") = "by_example", "by_example", "{82516264-0FC7-48BF-8CC0-5671113F2E01}"
EndProject
Project("{8BC9CEB8-8B4A-11D0-8D11-00A0C91BC942}") = "01_its_alive", "src\by_example\01_its_alive\01_its_alive.vcxproj", "{2CEE92EE-20E3-4511-A33D-B2CF11863FA9}"
EndProject
Global
	GlobalSection(SolutionConfigurationPlatforms) = preSolution
		Debug|x64 = Debug|x64
		Debug|x86 = Debug|x86
		Release|x64 = Release|x64
		Release|x86 = Release|x86
	EndGlobalSection
	GlobalSection(ProjectConfigurationPlatforms) = postSolution
		{2CEE92EE-20E3-4511-A33D-B2CF11863FA9}.Debug|x64.ActiveCfg = Debug|x64
		{2CEE92EE-20E3-4511-A33D-B2CF11863FA9}.Debug|x64.Build.0 = Debug|x64
		{2CEE92EE-20E3-4511-A33D-B2CF11863FA9}.Debug|x86.ActiveCfg = Debug|Win32
		{2CEE92EE-20E3-4511-A33D-B2CF11863FA9}.Debug|x86.Build.0 = Debug|Win32
		{2CEE92EE-20E3-4511-A33D-B2CF11863FA9}.Release|x64.ActiveCfg = Release|x64
		{2CEE92EE-20E3-4511-A33D-B2CF11863FA9}.Release|x64.Build.0 = Release|x64
		{2CEE92EE-20E3-4511-A33D-B2CF11863FA9}.Release|x86.ActiveCfg = Release|Win32
		{2CEE92EE-20E3-4511-A33D-B2CF11863FA9}.Release|x86.Build.0 = Release|Win32
	EndGlobalSection
	GlobalSection(SolutionProperties) = preSolution
		HideSolutionNode = FALSE
	EndGlobalSection
	GlobalSection(NestedProjects) = preSolution
		{2CEE92EE-20E3-4511-A33D-B2CF11863FA9} = {82516264-0FC7-48BF-8CC0-5671113F2E01}
	EndGlobalSection
	GlobalSection(ExtensibilityGlobals) = postSolution
		SolutionGuid = {862F8223-A2A8-4A2B-A795-31D7B3CB609E}
	EndGlobalSection
EndGlobal
