
Microsoft Visual Studio Solution File, Format Version 12.00
# Visual Studio 15
VisualStudioVersion = 15.0.28010.2046
MinimumVisualStudioVersion = 10.0.40219.1
Project("{2150E333-8FDC-42A3-9474-1A3956D46DE8}") = "by_example", "by_example", "{82516264-0FC7-48BF-8CC0-5671113F2E01}"
EndProject
Project("{8BC9CEB8-8B4A-11D0-8D11-00A0C91BC942}") = "01_its_alive", "src\by_example\01_its_alive\01_its_alive.vcxproj", "{2CEE92EE-20E3-4511-A33D-B2CF11863FA9}"
	ProjectSection(ProjectDependencies) = postProject
		{94D18305-91B2-42A1-A4E2-268AE7A8AF76} = {94D18305-91B2-42A1-A4E2-268AE7A8AF76}
	EndProjectSection
EndProject
Project("{8BC9CEB8-8B4A-11D0-8D11-00A0C91BC942}") = "02_structure", "src\by_example\02_structure\02_structure.vcxproj", "{ABEBD840-6A02-4751-A347-6B2F1C52A777}"
	ProjectSection(ProjectDependencies) = postProject
		{94D18305-91B2-42A1-A4E2-268AE7A8AF76} = {94D18305-91B2-42A1-A4E2-268AE7A8AF76}
	EndProjectSection
EndProject
Project("{8BC9CEB8-8B4A-11D0-8D11-00A0C91BC942}") = "Common", "src\by_example\Common\Common.vcxproj", "{94D18305-91B2-42A1-A4E2-268AE7A8AF76}"
EndProject
Project("{8BC9CEB8-8B4A-11D0-8D11-00A0C91BC942}") = "03_snake", "src\by_example\03_snake\03_snake.vcxproj", "{8FDBA1FA-DB67-4B9B-9AD4-0F32F227FDEF}"
	ProjectSection(ProjectDependencies) = postProject
		{94D18305-91B2-42A1-A4E2-268AE7A8AF76} = {94D18305-91B2-42A1-A4E2-268AE7A8AF76}
	EndProjectSection
EndProject
Project("{2150E333-8FDC-42A3-9474-1A3956D46DE8}") = "Solution Items", "Solution Items", "{A4E5ADBA-408F-42CC-AFE0-D1C4EE092B3A}"
	ProjectSection(SolutionItems) = preProject
		.gitignore = .gitignore
	EndProjectSection
EndProject
Project("{8BC9CEB8-8B4A-11D0-8D11-00A0C91BC942}") = "04_input_events", "src\by_example\04_input_events\04_input_events.vcxproj", "{8ECEAF8C-2B7E-48A7-BD86-FE6FFE714138}"
	ProjectSection(ProjectDependencies) = postProject
		{94D18305-91B2-42A1-A4E2-268AE7A8AF76} = {94D18305-91B2-42A1-A4E2-268AE7A8AF76}
	EndProjectSection
EndProject
Project("{8BC9CEB8-8B4A-11D0-8D11-00A0C91BC942}") = "05_application_states", "src\by_example\05_application_states\05_application_states.vcxproj", "{31023819-280C-4473-8E85-AEA987C1D6F7}"
	ProjectSection(ProjectDependencies) = postProject
		{94D18305-91B2-42A1-A4E2-268AE7A8AF76} = {94D18305-91B2-42A1-A4E2-268AE7A8AF76}
	EndProjectSection
EndProject
Project("{8BC9CEB8-8B4A-11D0-8D11-00A0C91BC942}") = "06_sprite_animation", "src\by_example\06_sprite_animation\06_sprite_animation.vcxproj", "{19BAF89F-0132-4E98-AB51-B6748631A270}"
	ProjectSection(ProjectDependencies) = postProject
		{94D18305-91B2-42A1-A4E2-268AE7A8AF76} = {94D18305-91B2-42A1-A4E2-268AE7A8AF76}
	EndProjectSection
EndProject
Project("{8BC9CEB8-8B4A-11D0-8D11-00A0C91BC942}") = "08_Common_Patterns", "src\by_example\08_Common_Patterns\08_Common_Patterns.vcxproj", "{EF85DA94-4FC2-4879-A318-77C88B0A5A0B}"
EndProject
Project("{8BC9CEB8-8B4A-11D0-8D11-00A0C91BC942}") = "07_platformer", "src\by_example\07_platformer\07_platformer.vcxproj", "{49DFF5AF-1C99-4450-A082-E805D113C1CB}"
EndProject
Project("{2150E333-8FDC-42A3-9474-1A3956D46DE8}") = "LetsMakeGames", "LetsMakeGames", "{30D13B71-FD8D-4088-872B-ABFC64E25E95}"
EndProject
Project("{8BC9CEB8-8B4A-11D0-8D11-00A0C91BC942}") = "2D_GameEngine", "src\LetsMakeGames\2D_GameEngine\2D_GameEngine.vcxproj", "{9A2EF4CD-FD6A-453D-A50E-C8699B6D2E36}"
EndProject
Project("{2150E333-8FDC-42A3-9474-1A3956D46DE8}") = "assets", "assets", "{496F8416-AB65-45F3-B83A-E72B8B19F9AF}"
	ProjectSection(SolutionItems) = preProject
		assets\1UP_mushroom.png = assets\1UP_mushroom.png
		assets\dirt.png = assets\dirt.png
		assets\enemy.png = assets\enemy.png
		assets\grass.png = assets\grass.png
		assets\mushroom.png = assets\mushroom.png
		assets\p16x16.map = assets\p16x16.map
		assets\player.png = assets\player.png
		assets\water.png = assets\water.png
	EndProjectSection
EndProject
Global
	GlobalSection(SolutionConfigurationPlatforms) = preSolution
		Debug|x64 = Debug|x64
		Debug|x86 = Debug|x86
		Release|x64 = Release|x64
		Release|x86 = Release|x86
	EndGlobalSection
	GlobalSection(ProjectConfigurationPlatforms) = postSolution
		{2CEE92EE-20E3-4511-A33D-B2CF11863FA9}.Debug|x64.ActiveCfg = Debug|x64
		{2CEE92EE-20E3-4511-A33D-B2CF11863FA9}.Debug|x64.Build.0 = Debug|x64
		{2CEE92EE-20E3-4511-A33D-B2CF11863FA9}.Debug|x86.ActiveCfg = Debug|Win32
		{2CEE92EE-20E3-4511-A33D-B2CF11863FA9}.Debug|x86.Build.0 = Debug|Win32
		{2CEE92EE-20E3-4511-A33D-B2CF11863FA9}.Release|x64.ActiveCfg = Release|x64
		{2CEE92EE-20E3-4511-A33D-B2CF11863FA9}.Release|x64.Build.0 = Release|x64
		{2CEE92EE-20E3-4511-A33D-B2CF11863FA9}.Release|x86.ActiveCfg = Release|Win32
		{2CEE92EE-20E3-4511-A33D-B2CF11863FA9}.Release|x86.Build.0 = Release|Win32
		{ABEBD840-6A02-4751-A347-6B2F1C52A777}.Debug|x64.ActiveCfg = Debug|x64
		{ABEBD840-6A02-4751-A347-6B2F1C52A777}.Debug|x64.Build.0 = Debug|x64
		{ABEBD840-6A02-4751-A347-6B2F1C52A777}.Debug|x86.ActiveCfg = Debug|Win32
		{ABEBD840-6A02-4751-A347-6B2F1C52A777}.Debug|x86.Build.0 = Debug|Win32
		{ABEBD840-6A02-4751-A347-6B2F1C52A777}.Release|x64.ActiveCfg = Release|x64
		{ABEBD840-6A02-4751-A347-6B2F1C52A777}.Release|x64.Build.0 = Release|x64
		{ABEBD840-6A02-4751-A347-6B2F1C52A777}.Release|x86.ActiveCfg = Release|Win32
		{ABEBD840-6A02-4751-A347-6B2F1C52A777}.Release|x86.Build.0 = Release|Win32
		{94D18305-91B2-42A1-A4E2-268AE7A8AF76}.Debug|x64.ActiveCfg = Debug|x64
		{94D18305-91B2-42A1-A4E2-268AE7A8AF76}.Debug|x64.Build.0 = Debug|x64
		{94D18305-91B2-42A1-A4E2-268AE7A8AF76}.Debug|x86.ActiveCfg = Debug|Win32
		{94D18305-91B2-42A1-A4E2-268AE7A8AF76}.Debug|x86.Build.0 = Debug|Win32
		{94D18305-91B2-42A1-A4E2-268AE7A8AF76}.Release|x64.ActiveCfg = Release|x64
		{94D18305-91B2-42A1-A4E2-268AE7A8AF76}.Release|x64.Build.0 = Release|x64
		{94D18305-91B2-42A1-A4E2-268AE7A8AF76}.Release|x86.ActiveCfg = Release|Win32
		{94D18305-91B2-42A1-A4E2-268AE7A8AF76}.Release|x86.Build.0 = Release|Win32
		{8FDBA1FA-DB67-4B9B-9AD4-0F32F227FDEF}.Debug|x64.ActiveCfg = Debug|x64
		{8FDBA1FA-DB67-4B9B-9AD4-0F32F227FDEF}.Debug|x64.Build.0 = Debug|x64
		{8FDBA1FA-DB67-4B9B-9AD4-0F32F227FDEF}.Debug|x86.ActiveCfg = Debug|Win32
		{8FDBA1FA-DB67-4B9B-9AD4-0F32F227FDEF}.Debug|x86.Build.0 = Debug|Win32
		{8FDBA1FA-DB67-4B9B-9AD4-0F32F227FDEF}.Release|x64.ActiveCfg = Release|x64
		{8FDBA1FA-DB67-4B9B-9AD4-0F32F227FDEF}.Release|x64.Build.0 = Release|x64
		{8FDBA1FA-DB67-4B9B-9AD4-0F32F227FDEF}.Release|x86.ActiveCfg = Release|Win32
		{8FDBA1FA-DB67-4B9B-9AD4-0F32F227FDEF}.Release|x86.Build.0 = Release|Win32
		{8ECEAF8C-2B7E-48A7-BD86-FE6FFE714138}.Debug|x64.ActiveCfg = Debug|x64
		{8ECEAF8C-2B7E-48A7-BD86-FE6FFE714138}.Debug|x64.Build.0 = Debug|x64
		{8ECEAF8C-2B7E-48A7-BD86-FE6FFE714138}.Debug|x86.ActiveCfg = Debug|Win32
		{8ECEAF8C-2B7E-48A7-BD86-FE6FFE714138}.Debug|x86.Build.0 = Debug|Win32
		{8ECEAF8C-2B7E-48A7-BD86-FE6FFE714138}.Release|x64.ActiveCfg = Release|x64
		{8ECEAF8C-2B7E-48A7-BD86-FE6FFE714138}.Release|x64.Build.0 = Release|x64
		{8ECEAF8C-2B7E-48A7-BD86-FE6FFE714138}.Release|x86.ActiveCfg = Release|Win32
		{8ECEAF8C-2B7E-48A7-BD86-FE6FFE714138}.Release|x86.Build.0 = Release|Win32
		{31023819-280C-4473-8E85-AEA987C1D6F7}.Debug|x64.ActiveCfg = Debug|x64
		{31023819-280C-4473-8E85-AEA987C1D6F7}.Debug|x64.Build.0 = Debug|x64
		{31023819-280C-4473-8E85-AEA987C1D6F7}.Debug|x86.ActiveCfg = Debug|Win32
		{31023819-280C-4473-8E85-AEA987C1D6F7}.Debug|x86.Build.0 = Debug|Win32
		{31023819-280C-4473-8E85-AEA987C1D6F7}.Release|x64.ActiveCfg = Release|x64
		{31023819-280C-4473-8E85-AEA987C1D6F7}.Release|x64.Build.0 = Release|x64
		{31023819-280C-4473-8E85-AEA987C1D6F7}.Release|x86.ActiveCfg = Release|Win32
		{31023819-280C-4473-8E85-AEA987C1D6F7}.Release|x86.Build.0 = Release|Win32
		{19BAF89F-0132-4E98-AB51-B6748631A270}.Debug|x64.ActiveCfg = Debug|x64
		{19BAF89F-0132-4E98-AB51-B6748631A270}.Debug|x64.Build.0 = Debug|x64
		{19BAF89F-0132-4E98-AB51-B6748631A270}.Debug|x86.ActiveCfg = Debug|Win32
		{19BAF89F-0132-4E98-AB51-B6748631A270}.Debug|x86.Build.0 = Debug|Win32
		{19BAF89F-0132-4E98-AB51-B6748631A270}.Release|x64.ActiveCfg = Release|x64
		{19BAF89F-0132-4E98-AB51-B6748631A270}.Release|x64.Build.0 = Release|x64
		{19BAF89F-0132-4E98-AB51-B6748631A270}.Release|x86.ActiveCfg = Release|Win32
		{19BAF89F-0132-4E98-AB51-B6748631A270}.Release|x86.Build.0 = Release|Win32
		{EF85DA94-4FC2-4879-A318-77C88B0A5A0B}.Debug|x64.ActiveCfg = Debug|x64
		{EF85DA94-4FC2-4879-A318-77C88B0A5A0B}.Debug|x64.Build.0 = Debug|x64
		{EF85DA94-4FC2-4879-A318-77C88B0A5A0B}.Debug|x86.ActiveCfg = Debug|Win32
		{EF85DA94-4FC2-4879-A318-77C88B0A5A0B}.Debug|x86.Build.0 = Debug|Win32
		{EF85DA94-4FC2-4879-A318-77C88B0A5A0B}.Release|x64.ActiveCfg = Release|x64
		{EF85DA94-4FC2-4879-A318-77C88B0A5A0B}.Release|x64.Build.0 = Release|x64
		{EF85DA94-4FC2-4879-A318-77C88B0A5A0B}.Release|x86.ActiveCfg = Release|Win32
		{EF85DA94-4FC2-4879-A318-77C88B0A5A0B}.Release|x86.Build.0 = Release|Win32
		{49DFF5AF-1C99-4450-A082-E805D113C1CB}.Debug|x64.ActiveCfg = Debug|x64
		{49DFF5AF-1C99-4450-A082-E805D113C1CB}.Debug|x64.Build.0 = Debug|x64
		{49DFF5AF-1C99-4450-A082-E805D113C1CB}.Debug|x86.ActiveCfg = Debug|Win32
		{49DFF5AF-1C99-4450-A082-E805D113C1CB}.Debug|x86.Build.0 = Debug|Win32
		{49DFF5AF-1C99-4450-A082-E805D113C1CB}.Release|x64.ActiveCfg = Release|x64
		{49DFF5AF-1C99-4450-A082-E805D113C1CB}.Release|x64.Build.0 = Release|x64
		{49DFF5AF-1C99-4450-A082-E805D113C1CB}.Release|x86.ActiveCfg = Release|Win32
		{49DFF5AF-1C99-4450-A082-E805D113C1CB}.Release|x86.Build.0 = Release|Win32
		{9A2EF4CD-FD6A-453D-A50E-C8699B6D2E36}.Debug|x64.ActiveCfg = Debug|x64
		{9A2EF4CD-FD6A-453D-A50E-C8699B6D2E36}.Debug|x64.Build.0 = Debug|x64
		{9A2EF4CD-FD6A-453D-A50E-C8699B6D2E36}.Debug|x86.ActiveCfg = Debug|Win32
		{9A2EF4CD-FD6A-453D-A50E-C8699B6D2E36}.Debug|x86.Build.0 = Debug|Win32
		{9A2EF4CD-FD6A-453D-A50E-C8699B6D2E36}.Release|x64.ActiveCfg = Release|x64
		{9A2EF4CD-FD6A-453D-A50E-C8699B6D2E36}.Release|x64.Build.0 = Release|x64
		{9A2EF4CD-FD6A-453D-A50E-C8699B6D2E36}.Release|x86.ActiveCfg = Release|Win32
		{9A2EF4CD-FD6A-453D-A50E-C8699B6D2E36}.Release|x86.Build.0 = Release|Win32
	EndGlobalSection
	GlobalSection(SolutionProperties) = preSolution
		HideSolutionNode = FALSE
	EndGlobalSection
	GlobalSection(NestedProjects) = preSolution
		{2CEE92EE-20E3-4511-A33D-B2CF11863FA9} = {82516264-0FC7-48BF-8CC0-5671113F2E01}
		{ABEBD840-6A02-4751-A347-6B2F1C52A777} = {82516264-0FC7-48BF-8CC0-5671113F2E01}
		{94D18305-91B2-42A1-A4E2-268AE7A8AF76} = {82516264-0FC7-48BF-8CC0-5671113F2E01}
		{8FDBA1FA-DB67-4B9B-9AD4-0F32F227FDEF} = {82516264-0FC7-48BF-8CC0-5671113F2E01}
		{8ECEAF8C-2B7E-48A7-BD86-FE6FFE714138} = {82516264-0FC7-48BF-8CC0-5671113F2E01}
		{31023819-280C-4473-8E85-AEA987C1D6F7} = {82516264-0FC7-48BF-8CC0-5671113F2E01}
		{19BAF89F-0132-4E98-AB51-B6748631A270} = {82516264-0FC7-48BF-8CC0-5671113F2E01}
		{EF85DA94-4FC2-4879-A318-77C88B0A5A0B} = {82516264-0FC7-48BF-8CC0-5671113F2E01}
		{49DFF5AF-1C99-4450-A082-E805D113C1CB} = {82516264-0FC7-48BF-8CC0-5671113F2E01}
		{9A2EF4CD-FD6A-453D-A50E-C8699B6D2E36} = {30D13B71-FD8D-4088-872B-ABFC64E25E95}
	EndGlobalSection
	GlobalSection(ExtensibilityGlobals) = postSolution
		SolutionGuid = {862F8223-A2A8-4A2B-A795-31D7B3CB609E}
	EndGlobalSection
EndGlobal
